{
  "name": "rails-watch-list",
  "lockfileVersion": 2,
  "requires": true,
  "packages": {
    "": {
      "dependencies": {
        "@rails/ujs": "^7.0.8-3"
      }
    },
    "node_modules/@rails/ujs": {
      "version": "7.0.8-3",
      "resolved": "https://registry.npmjs.org/@rails/ujs/-/ujs-7.0.8-3.tgz",
      "integrity": "sha512-ueAH8KPTOigug9ZNgFGCTkk0qpXbVHh1v80g/dDmLILvLGOzxn6i4xQbGnLc/NkghpzA9+T5Ip6f95rFlcZeBA=="
    }
  },
  "dependencies": {
    "@rails/ujs": {
      "version": "7.0.8-3",
      "resolved": "https://registry.npmjs.org/@rails/ujs/-/ujs-7.0.8-3.tgz",
      "integrity": "sha512-ueAH8KPTOigug9ZNgFGCTkk0qpXbVHh1v80g/dDmLILvLGOzxn6i4xQbGnLc/NkghpzA9+T5Ip6f95rFlcZeBA=="
    }
  }
}
