# THIS IS AN AUTOGENERATED FILE. DO NOT EDIT THIS FILE DIRECTLY.
# yarn lockfile v1


"@rails/ujs@^7.0.8-3":
  "integrity" "sha512-ueAH8KPTOigug9ZNgFGCTkk0qpXbVHh1v80g/dDmLILvLGOzxn6i4xQbGnLc/NkghpzA9+T5Ip6f95rFlcZeBA=="
  "resolved" "https://registry.npmjs.org/@rails/ujs/-/ujs-7.0.8-3.tgz"
  "version" "7.0.8-3"
